
Microsoft Visual Studio Solution File, Format Version 12.00
# Visual Studio 15
VisualStudioVersion = 15.0.28307.168
MinimumVisualStudioVersion = 10.0.40219.1
Project("{2150E333-8FDC-42A3-9474-1A3956D46DE8}") = "Web", "Web", "{5CCB2838-6B36-49B3-91D2-4B15223698C9}"
EndProject
Project("{9A19103F-16F7-4668-BE54-9A1E7A4F7556}") = "FirstApp.Web", "Web\FirstApp.Web.csproj", "{E48C8849-FAB7-45DF-87D9-027352165EE5}"
EndProject
Project("{2150E333-8FDC-42A3-9474-1A3956D46DE8}") = "Data", "Data", "{C9E1679F-1FD6-482E-B6EC-8108FFDAD4D1}"
EndProject
Project("{9A19103F-16F7-4668-BE54-9A1E7A4F7556}") = "FirstApp.Data", "Data\FirstApp.Data\FirstApp.Data.csproj", "{D2693171-FA95-4433-A6DD-F589D763455A}"
EndProject
Project("{9A19103F-16F7-4668-BE54-9A1E7A4F7556}") = "FirstApp.Data.Models", "Data\FirstApp.Data.Models\FirstApp.Data.Models.csproj", "{990231C1-50AB-48B4-8D06-DF81C01043CE}"
EndProject
Project("{2150E333-8FDC-42A3-9474-1A3956D46DE8}") = "Tests", "Tests", "{D370172B-D9A6-4487-955A-0028B65444F0}"
EndProject
Project("{9A19103F-16F7-4668-BE54-9A1E7A4F7556}") = "SandBox", "Tests\SandBox\SandBox.csproj", "{7FD00443-8789-4AF0-8F44-09C324598B15}"
EndProject
Project("{9A19103F-16F7-4668-BE54-9A1E7A4F7556}") = "FunApp.Data.Common", "Data\FunApp.Data.Common\FunApp.Data.Common.csproj", "{E13F9816-E450-4B77-BD1E-80A89EE511B9}"
EndProject
Project("{2150E333-8FDC-42A3-9474-1A3956D46DE8}") = "Services", "Services", "{2179A3BC-993B-48FB-B538-FBF29D234B5D}"
EndProject
Project("{9A19103F-16F7-4668-BE54-9A1E7A4F7556}") = "FirstApp.Services", "FirstApp.Services\FirstApp.Services.csproj", "{1CBE4BAE-074E-4308-A71B-50DDCE8B0848}"
EndProject
Project("{FAE04EC0-301F-11D3-BF4B-00C04F79EFBC}") = "FirstApp.Services.ViewModels", "FirstApp.Services.ViewModels\FirstApp.Services.ViewModels.csproj", "{184E2349-5AE3-4C8E-875A-94EABB4DCF83}"
EndProject
Global
	GlobalSection(SolutionConfigurationPlatforms) = preSolution
		Debug|Any CPU = Debug|Any CPU
		Release|Any CPU = Release|Any CPU
	EndGlobalSection
	GlobalSection(ProjectConfigurationPlatforms) = postSolution
		{E48C8849-FAB7-45DF-87D9-027352165EE5}.Debug|Any CPU.ActiveCfg = Debug|Any CPU
		{E48C8849-FAB7-45DF-87D9-027352165EE5}.Debug|Any CPU.Build.0 = Debug|Any CPU
		{E48C8849-FAB7-45DF-87D9-027352165EE5}.Release|Any CPU.ActiveCfg = Release|Any CPU
		{E48C8849-FAB7-45DF-87D9-027352165EE5}.Release|Any CPU.Build.0 = Release|Any CPU
		{D2693171-FA95-4433-A6DD-F589D763455A}.Debug|Any CPU.ActiveCfg = Debug|Any CPU
		{D2693171-FA95-4433-A6DD-F589D763455A}.Debug|Any CPU.Build.0 = Debug|Any CPU
		{D2693171-FA95-4433-A6DD-F589D763455A}.Release|Any CPU.ActiveCfg = Release|Any CPU
		{D2693171-FA95-4433-A6DD-F589D763455A}.Release|Any CPU.Build.0 = Release|Any CPU
		{990231C1-50AB-48B4-8D06-DF81C01043CE}.Debug|Any CPU.ActiveCfg = Debug|Any CPU
		{990231C1-50AB-48B4-8D06-DF81C01043CE}.Debug|Any CPU.Build.0 = Debug|Any CPU
		{990231C1-50AB-48B4-8D06-DF81C01043CE}.Release|Any CPU.ActiveCfg = Release|Any CPU
		{990231C1-50AB-48B4-8D06-DF81C01043CE}.Release|Any CPU.Build.0 = Release|Any CPU
		{7FD00443-8789-4AF0-8F44-09C324598B15}.Debug|Any CPU.ActiveCfg = Debug|Any CPU
		{7FD00443-8789-4AF0-8F44-09C324598B15}.Debug|Any CPU.Build.0 = Debug|Any CPU
		{7FD00443-8789-4AF0-8F44-09C324598B15}.Release|Any CPU.ActiveCfg = Release|Any CPU
		{7FD00443-8789-4AF0-8F44-09C324598B15}.Release|Any CPU.Build.0 = Release|Any CPU
		{E13F9816-E450-4B77-BD1E-80A89EE511B9}.Debug|Any CPU.ActiveCfg = Debug|Any CPU
		{E13F9816-E450-4B77-BD1E-80A89EE511B9}.Debug|Any CPU.Build.0 = Debug|Any CPU
		{E13F9816-E450-4B77-BD1E-80A89EE511B9}.Release|Any CPU.ActiveCfg = Release|Any CPU
		{E13F9816-E450-4B77-BD1E-80A89EE511B9}.Release|Any CPU.Build.0 = Release|Any CPU
		{1CBE4BAE-074E-4308-A71B-50DDCE8B0848}.Debug|Any CPU.ActiveCfg = Debug|Any CPU
		{1CBE4BAE-074E-4308-A71B-50DDCE8B0848}.Debug|Any CPU.Build.0 = Debug|Any CPU
		{1CBE4BAE-074E-4308-A71B-50DDCE8B0848}.Release|Any CPU.ActiveCfg = Release|Any CPU
		{1CBE4BAE-074E-4308-A71B-50DDCE8B0848}.Release|Any CPU.Build.0 = Release|Any CPU
		{184E2349-5AE3-4C8E-875A-94EABB4DCF83}.Debug|Any CPU.ActiveCfg = Debug|Any CPU
		{184E2349-5AE3-4C8E-875A-94EABB4DCF83}.Debug|Any CPU.Build.0 = Debug|Any CPU
		{184E2349-5AE3-4C8E-875A-94EABB4DCF83}.Release|Any CPU.ActiveCfg = Release|Any CPU
		{184E2349-5AE3-4C8E-875A-94EABB4DCF83}.Release|Any CPU.Build.0 = Release|Any CPU
	EndGlobalSection
	GlobalSection(SolutionProperties) = preSolution
		HideSolutionNode = FALSE
	EndGlobalSection
	GlobalSection(NestedProjects) = preSolution
		{E48C8849-FAB7-45DF-87D9-027352165EE5} = {5CCB2838-6B36-49B3-91D2-4B15223698C9}
		{D2693171-FA95-4433-A6DD-F589D763455A} = {C9E1679F-1FD6-482E-B6EC-8108FFDAD4D1}
		{990231C1-50AB-48B4-8D06-DF81C01043CE} = {C9E1679F-1FD6-482E-B6EC-8108FFDAD4D1}
		{7FD00443-8789-4AF0-8F44-09C324598B15} = {D370172B-D9A6-4487-955A-0028B65444F0}
		{E13F9816-E450-4B77-BD1E-80A89EE511B9} = {C9E1679F-1FD6-482E-B6EC-8108FFDAD4D1}
		{1CBE4BAE-074E-4308-A71B-50DDCE8B0848} = {2179A3BC-993B-48FB-B538-FBF29D234B5D}
		{184E2349-5AE3-4C8E-875A-94EABB4DCF83} = {2179A3BC-993B-48FB-B538-FBF29D234B5D}
	EndGlobalSection
	GlobalSection(ExtensibilityGlobals) = postSolution
		SolutionGuid = {3382C3E3-FFAB-4FE8-BD75-40133BCBFC3F}
	EndGlobalSection
EndGlobal
